# generated by rye
# use `rye lock` or `rye sync` to update this lockfile
#
# last locked with the following flags:
#   pre: false
#   features: []
#   all-features: false
#   with-sources: true
#   generate-hashes: false
#   universal: false

--index-url https://pypi.org/simple/

-e file:.
certifi==2024.8.30
click==8.1.7
pulsar-client==3.5.0
pycairo==1.27.0
pygobject==3.50.0
toga==0.4.7
toga-core==0.4.7
toga-gtk==0.4.7
travertino==0.3.0
